
Microsoft Visual Studio Solution File, Format Version 12.00
# Visual Studio Version 16
VisualStudioVersion = 16.0.28922.388
MinimumVisualStudioVersion = 10.0.40219.1
Project("{FAE04EC0-301F-11D3-BF4B-00C04F79EFBC}") = "Job.CodeAssessment", "Job.CodeAssessment\Job.CodeAssessment.csproj", "{83DE58B8-A62C-49AA-AB60-71DC4C27395A}"
EndProject
Project("{FAE04EC0-301F-11D3-BF4B-00C04F79EFBC}") = "Job.CodeAssessment.Tests.Integration", "Job.CodeAssessment.Tests.Integration\Job.CodeAssessment.Tests.Integration.csproj", "{F18AF9B8-63EC-4ECD-9FB4-F52326ECAE23}"
EndProject
Global
	GlobalSection(SolutionConfigurationPlatforms) = preSolution
		Debug|Any CPU = Debug|Any CPU
		Release|Any CPU = Release|Any CPU
	EndGlobalSection
	GlobalSection(ProjectConfigurationPlatforms) = postSolution
		{83DE58B8-A62C-49AA-AB60-71DC4C27395A}.Debug|Any CPU.ActiveCfg = Debug|Any CPU
		{83DE58B8-A62C-49AA-AB60-71DC4C27395A}.Debug|Any CPU.Build.0 = Debug|Any CPU
		{83DE58B8-A62C-49AA-AB60-71DC4C27395A}.Release|Any CPU.ActiveCfg = Release|Any CPU
		{83DE58B8-A62C-49AA-AB60-71DC4C27395A}.Release|Any CPU.Build.0 = Release|Any CPU
		{F18AF9B8-63EC-4ECD-9FB4-F52326ECAE23}.Debug|Any CPU.ActiveCfg = Debug|Any CPU
		{F18AF9B8-63EC-4ECD-9FB4-F52326ECAE23}.Debug|Any CPU.Build.0 = Debug|Any CPU
		{F18AF9B8-63EC-4ECD-9FB4-F52326ECAE23}.Release|Any CPU.ActiveCfg = Release|Any CPU
		{F18AF9B8-63EC-4ECD-9FB4-F52326ECAE23}.Release|Any CPU.Build.0 = Release|Any CPU
	EndGlobalSection
	GlobalSection(SolutionProperties) = preSolution
		HideSolutionNode = FALSE
	EndGlobalSection
	GlobalSection(ExtensibilityGlobals) = postSolution
		SolutionGuid = {3DFCBB80-E052-4EFA-874E-F909DEDB788A}
	EndGlobalSection
EndGlobal
